<?xml version="1.0" encoding="utf-8"?>
<Project ToolsVersion="4.0" xmlns="http://schemas.microsoft.com/developer/msbuild/2003">
  <ItemGroup>
    <Filter Include="Source Files">
      <UniqueIdentifier>{4FC737F1-C7A5-4376-A066-2A32D752A2FF}</UniqueIdentifier>
      <Extensions>cpp;c;cc;cxx;c++;cppm;ixx;def;odl;idl;hpj;bat;asm;asmx</Extensions>
    </Filter>
    <Filter Include="Header Files">
      <UniqueIdentifier>{93995380-89BD-4b04-88EB-625FBE52EBFB}</UniqueIdentifier>
      <Extensions>h;hh;hpp;hxx;h++;hm;inl;inc;ipp;xsd</Extensions>
    </Filter>
    <Filter Include="Resource Files">
      <UniqueIdentifier>{67DA6AB6-F800-4c08-8B7A-83BB121AAD01}</UniqueIdentifier>
      <Extensions>rc;ico;cur;bmp;dlg;rc2;rct;bin;rgs;gif;jpg;jpeg;jpe;resx;tiff;tif;png;wav;mfcribbon-ms</Extensions>
    </Filter>
    <Filter Include="Resource Files\AdministrativeDocs">
      <UniqueIdentifier>{114a58c4-1e86-4d01-881b-4ac99f352b56}</UniqueIdentifier>
    </Filter>
    <Filter Include="Resource Files\ProjectLog">
      <UniqueIdentifier>{9f14836d-4593-4a74-bf9c-919befeb0233}</UniqueIdentifier>
    </Filter>
    <Filter Include="Header Files\Units H">
      <UniqueIdentifier>{820aa086-cb6a-4364-81be-b652acbdc994}</UniqueIdentifier>
    </Filter>
    <Filter Include="Source Files\MA">
      <UniqueIdentifier>{c0db1187-4770-466f-ab59-7ff31c9633b9}</UniqueIdentifier>
    </Filter>
    <Filter Include="Header Files\MA">
      <UniqueIdentifier>{52562112-54a5-46c0-9b9c-35d1daab56e7}</UniqueIdentifier>
    </Filter>
    <Filter Include="Header Files\Misc">
      <UniqueIdentifier>{8490581d-01bd-4776-a91e-9478bd5f48d3}</UniqueIdentifier>
    </Filter>
    <Filter Include="Source Files\Misc">
      <UniqueIdentifier>{4d5bf269-62bb-4022-82c0-21a66cf5c6fe}</UniqueIdentifier>
    </Filter>
    <Filter Include="Source Files\Units">
      <UniqueIdentifier>{f04b78b2-a229-47ff-bcc6-c02df5d3dd03}</UniqueIdentifier>
    </Filter>
    <Filter Include="AdministrativeDocs">
      <UniqueIdentifier>{b48726fc-2b61-40ed-ac34-4b27022348fd}</UniqueIdentifier>
    </Filter>
    <Filter Include="TxtFiles">
      <UniqueIdentifier>{e3350fe0-2942-445a-86f6-0dc71cebbdeb}</UniqueIdentifier>
    </Filter>
    <Filter Include="Interfaces">
      <UniqueIdentifier>{6a2c513e-3d48-42fe-82d6-4f0cb1588b95}</UniqueIdentifier>
    </Filter>
    <Filter Include="ProjectLog">
      <UniqueIdentifier>{255ca0ba-f9de-4c4d-a889-83d31baa9388}</UniqueIdentifier>
    </Filter>
  </ItemGroup>
  <ItemGroup>
    <ClCompile Include="Peace Treaty V1.2.cpp">
      <Filter>Source Files</Filter>
    </ClCompile>
    <ClCompile Include="PlayerAction.cpp">
      <Filter>Source Files</Filter>
    </ClCompile>
    <ClCompile Include="MA\TrainMA.cpp">
      <Filter>Source Files\MA</Filter>
    </ClCompile>
    <ClCompile Include="MA\ArmyOverviewMA.cpp">
      <Filter>Source Files\MA</Filter>
    </ClCompile>
    <ClCompile Include="MA\AttackMA.cpp">
      <Filter>Source Files\MA</Filter>
    </ClCompile>
    <ClCompile Include="MA\MapMA.cpp">
      <Filter>Source Files\MA</Filter>
    </ClCompile>
    <ClCompile Include="MA\ScoutMA.cpp">
      <Filter>Source Files\MA</Filter>
    </ClCompile>
    <ClCompile Include="Misc\OF.cpp">
      <Filter>Source Files\Misc</Filter>
    </ClCompile>
    <ClCompile Include="Units\Provinces.cpp">
      <Filter>Source Files\Units</Filter>
    </ClCompile>
    <ClCompile Include="Units\AllUnits.cpp">
      <Filter>Source Files\Units</Filter>
    </ClCompile>
    <ClCompile Include="Units\CommanderProfile.cpp">
      <Filter>Source Files\Units</Filter>
    </ClCompile>
    <ClCompile Include="Units\Database.cpp">
      <Filter>Source Files\Units</Filter>
    </ClCompile>
    <ClCompile Include="Units\Map.cpp">
      <Filter>Source Files\Units</Filter>
    </ClCompile>
    <ClCompile Include="Units\Participants.cpp">
      <Filter>Source Files\Units</Filter>
    </ClCompile>
    <ClCompile Include="Input.cpp">
      <Filter>Source Files</Filter>
    </ClCompile>
    <ClCompile Include="Coords.cpp">
      <Filter>Source Files</Filter>
    </ClCompile>
    <ClCompile Include="Buildings.cpp">
      <Filter>Source Files</Filter>
    </ClCompile>
    <ClCompile Include="Build.cpp">
      <Filter>Source Files</Filter>
    </ClCompile>
    <ClCompile Include="ProvinceReport.cpp">
      <Filter>Source Files</Filter>
    </ClCompile>
    <ClCompile Include="CommanderReport.cpp">
      <Filter>Source Files</Filter>
    </ClCompile>
    <ClCompile Include="Troops.cpp">
      <Filter>Source Files</Filter>
    </ClCompile>
    <ClCompile Include="CV.cpp">
      <Filter>Source Files\Misc</Filter>
    </ClCompile>
    <ClCompile Include="aliases.txt">
      <Filter>AdministrativeDocs</Filter>
    </ClCompile>
    <ClCompile Include="Mobility.cpp">
      <Filter>Source Files\Units</Filter>
    </ClCompile>
  </ItemGroup>
  <ItemGroup>
    <Text Include="..\AdministrativeDocs\debugQuickAccess.txt">
      <Filter>Resource Files\AdministrativeDocs</Filter>
    </Text>
    <Text Include="..\AdministrativeDocs\deletedContent.txt">
      <Filter>Resource Files\AdministrativeDocs</Filter>
    </Text>
    <Text Include="..\AdministrativeDocs\headersAllocation.txt">
      <Filter>Resource Files\AdministrativeDocs</Filter>
    </Text>
    <Text Include="..\AdministrativeDocs\needToDo.txt">
      <Filter>Resource Files\AdministrativeDocs</Filter>
    </Text>
    <Text Include="..\AdministrativeDocs\notes.txt.txt">
      <Filter>Resource Files\AdministrativeDocs</Filter>
    </Text>
    <Text Include="..\AdministrativeDocs\tips.txt.txt">
      <Filter>Resource Files\AdministrativeDocs</Filter>
    </Text>
    <Text Include="..\ProjectLog\4November2022.txt">
      <Filter>Resource Files\ProjectLog</Filter>
    </Text>
    <Text Include="..\ProjectLog\5January2023.txt">
      <Filter>Resource Files\ProjectLog</Filter>
    </Text>
    <Text Include="..\ProjectLog\6February2023.txt">
      <Filter>Resource Files\ProjectLog</Filter>
    </Text>
    <Text Include="..\ProjectLog\7March2023.txt">
      <Filter>Resource Files\ProjectLog</Filter>
    </Text>
    <Text Include="..\ProjectLog\8April2023.txt">
      <Filter>Resource Files\ProjectLog</Filter>
    </Text>
    <Text Include="..\ProjectLog\9May2023.txt">
      <Filter>Resource Files\ProjectLog</Filter>
    </Text>
    <Text Include="..\ProjectLog\logOverview.txt">
      <Filter>Resource Files\ProjectLog</Filter>
    </Text>
    <Text Include="..\ProjectLog\1June2022.txt">
      <Filter>Resource Files\ProjectLog</Filter>
    </Text>
    <Text Include="..\ProjectLog\2July2022.txt">
      <Filter>Resource Files\ProjectLog</Filter>
    </Text>
    <Text Include="..\ProjectLog\3August2022.txt">
      <Filter>Resource Files\ProjectLog</Filter>
    </Text>
    <Text Include="AdministrativeDocs\deletedContent.txt">
      <Filter>AdministrativeDocs</Filter>
    </Text>
    <Text Include="AdministrativeDocs\headersAllocation.txt">
      <Filter>AdministrativeDocs</Filter>
    </Text>
    <Text Include="AdministrativeDocs\needToDo.txt">
      <Filter>AdministrativeDocs</Filter>
    </Text>
    <Text Include="AdministrativeDocs\notes.txt.txt">
      <Filter>AdministrativeDocs</Filter>
    </Text>
    <Text Include="AdministrativeDocs\tips.txt.txt">
      <Filter>AdministrativeDocs</Filter>
    </Text>
    <Text Include="AdministrativeDocs\debugQuickAccess.txt">
      <Filter>AdministrativeDocs</Filter>
    </Text>
    <Text Include="TxtFiles\Prompts.txt">
      <Filter>TxtFiles</Filter>
    </Text>
    <Text Include="TxtFiles\Synopsis.txt">
      <Filter>TxtFiles</Filter>
    </Text>
    <Text Include="TxtFiles\Help.txt">
      <Filter>TxtFiles</Filter>
    </Text>
    <Text Include="..\..\..\..\..\Downloads\1June2022.txt">
      <Filter>ProjectLog</Filter>
    </Text>
    <Text Include="..\..\..\..\..\Downloads\2July2022.txt">
      <Filter>ProjectLog</Filter>
    </Text>
    <Text Include="..\..\..\..\..\Downloads\3August2022.txt">
      <Filter>ProjectLog</Filter>
    </Text>
    <Text Include="..\..\..\..\..\Downloads\4November2022.txt">
      <Filter>ProjectLog</Filter>
    </Text>
    <Text Include="..\..\..\..\..\Downloads\5January2023.txt">
      <Filter>ProjectLog</Filter>
    </Text>
    <Text Include="..\..\..\..\..\Downloads\6February2023.txt">
      <Filter>ProjectLog</Filter>
    </Text>
    <Text Include="..\..\..\..\..\Downloads\7March2023.txt">
      <Filter>ProjectLog</Filter>
    </Text>
    <Text Include="..\..\..\..\..\Downloads\8April2023.txt">
      <Filter>ProjectLog</Filter>
    </Text>
    <Text Include="..\..\..\..\..\Downloads\9May2023.txt">
      <Filter>ProjectLog</Filter>
    </Text>
    <Text Include="..\..\..\..\..\Downloads\logOverview.txt">
      <Filter>ProjectLog</Filter>
    </Text>
    <Text Include="color.txt">
      <Filter>AdministrativeDocs</Filter>
    </Text>
  </ItemGroup>
  <ItemGroup>
    <ClInclude Include="MA\TrainMA.h">
      <Filter>Header Files\MA</Filter>
    </ClInclude>
    <ClInclude Include="MA\ArmyOverviewMA.h">
      <Filter>Header Files\MA</Filter>
    </ClInclude>
    <ClInclude Include="MA\AttackMA.h">
      <Filter>Header Files\MA</Filter>
    </ClInclude>
    <ClInclude Include="MA\MapMA.h">
      <Filter>Header Files\MA</Filter>
    </ClInclude>
    <ClInclude Include="MA\ScoutMA.h">
      <Filter>Header Files\MA</Filter>
    </ClInclude>
    <ClInclude Include="Misc\INF.h">
      <Filter>Header Files\Misc</Filter>
    </ClInclude>
    <ClInclude Include="Misc\INF.h">
      <Filter>Header Files\Misc</Filter>
    </ClInclude>
    <ClInclude Include="Interfaces\BuildMA.h">
      <Filter>Interfaces</Filter>
    </ClInclude>
    <ClInclude Include="Units\Provinces.h">
      <Filter>Header Files\Units H</Filter>
    </ClInclude>
    <ClInclude Include="Units\AllUnits.h">
      <Filter>Header Files\Units H</Filter>
    </ClInclude>
    <ClInclude Include="Units\CommanderProfile.h">
      <Filter>Header Files\Units H</Filter>
    </ClInclude>
    <ClInclude Include="Units\Database.h">
      <Filter>Header Files\Units H</Filter>
    </ClInclude>
    <ClInclude Include="Units\Map.h">
      <Filter>Header Files\Units H</Filter>
    </ClInclude>
    <ClInclude Include="Units\Participants.h">
      <Filter>Header Files\Units H</Filter>
    </ClInclude>
    <ClInclude Include="PlayerAction.h">
      <Filter>Header Files</Filter>
    </ClInclude>
    <ClInclude Include="Input.h">
      <Filter>Header Files</Filter>
    </ClInclude>
    <ClInclude Include="Coords.h">
      <Filter>Header Files</Filter>
    </ClInclude>
    <ClInclude Include="Buildings.h">
      <Filter>Header Files</Filter>
    </ClInclude>
    <ClInclude Include="Build.h">
      <Filter>Header Files</Filter>
    </ClInclude>
    <ClInclude Include="ProvinceReport.h">
      <Filter>Header Files</Filter>
    </ClInclude>
    <ClInclude Include="CommanderReport.h">
      <Filter>Header Files</Filter>
    </ClInclude>
    <ClInclude Include="Troops.h">
      <Filter>Header Files</Filter>
    </ClInclude>
    <ClInclude Include="Mobility.h">
      <Filter>Header Files</Filter>
    </ClInclude>
  </ItemGroup>
  <ItemGroup>
    <None Include="..\README.md">
      <Filter>Resource Files</Filter>
    </None>
  </ItemGroup>
</Project>